
Microsoft Visual Studio Solution File, Format Version 12.00
# Visual Studio Version 17
VisualStudioVersion = 17.9.34723.18
MinimumVisualStudioVersion = 10.0.40219.1
Project("{9A19103F-16F7-4668-BE54-9A1E7A4F7556}") = "Product.API", "Product.API\Product.API.csproj", "{682F57A9-C511-4697-BD08-E2ADA95C2C80}"
EndProject
Project("{9A19103F-16F7-4668-BE54-9A1E7A4F7556}") = "Product.Shared", "Product.Shared\Product.Shared.csproj", "{FCFB79FD-F989-49CE-93AF-69FCF0D61B8E}"
EndProject
Project("{9A19103F-16F7-4668-BE54-9A1E7A4F7556}") = "Product.Presentation", "Product.Presentation\Product.Presentation.csproj", "{72B7A71B-C2E4-494C-9458-E541A8A79A63}"
EndProject
Project("{9A19103F-16F7-4668-BE54-9A1E7A4F7556}") = "Product.Domain", "Product.Domain\Product.Domain.csproj", "{C0CDFF36-D906-495B-8FF6-E4EC9581446C}"
EndProject
Project("{9A19103F-16F7-4668-BE54-9A1E7A4F7556}") = "Product.Infrastructure", "Product.Infrastructure\Product.Infrastructure.csproj", "{FAFF9D46-6826-4755-9554-846F1DB8E581}"
EndProject
Project("{9A19103F-16F7-4668-BE54-9A1E7A4F7556}") = "Product.Application", "Product.Application\Product.Application.csproj", "{50129D0A-425E-4EF0-87BA-C7A6155970E7}"
EndProject
Project("{9A19103F-16F7-4668-BE54-9A1E7A4F7556}") = "Product.APITests", "Product.APITests\Product.APITests.csproj", "{C4F6157D-0D8F-4128-AC0E-54742FEF3C14}"
EndProject
Project("{9A19103F-16F7-4668-BE54-9A1E7A4F7556}") = "productApp", "Front\productApp\productApp.csproj", "{751FBAD6-AA5D-4027-A32B-6569D642C643}"
EndProject
Global
	GlobalSection(SolutionConfigurationPlatforms) = preSolution
		Debug|Any CPU = Debug|Any CPU
		Release|Any CPU = Release|Any CPU
	EndGlobalSection
	GlobalSection(ProjectConfigurationPlatforms) = postSolution
		{682F57A9-C511-4697-BD08-E2ADA95C2C80}.Debug|Any CPU.ActiveCfg = Debug|Any CPU
		{682F57A9-C511-4697-BD08-E2ADA95C2C80}.Debug|Any CPU.Build.0 = Debug|Any CPU
		{682F57A9-C511-4697-BD08-E2ADA95C2C80}.Release|Any CPU.ActiveCfg = Release|Any CPU
		{682F57A9-C511-4697-BD08-E2ADA95C2C80}.Release|Any CPU.Build.0 = Release|Any CPU
		{FCFB79FD-F989-49CE-93AF-69FCF0D61B8E}.Debug|Any CPU.ActiveCfg = Debug|Any CPU
		{FCFB79FD-F989-49CE-93AF-69FCF0D61B8E}.Debug|Any CPU.Build.0 = Debug|Any CPU
		{FCFB79FD-F989-49CE-93AF-69FCF0D61B8E}.Release|Any CPU.ActiveCfg = Release|Any CPU
		{FCFB79FD-F989-49CE-93AF-69FCF0D61B8E}.Release|Any CPU.Build.0 = Release|Any CPU
		{72B7A71B-C2E4-494C-9458-E541A8A79A63}.Debug|Any CPU.ActiveCfg = Debug|Any CPU
		{72B7A71B-C2E4-494C-9458-E541A8A79A63}.Debug|Any CPU.Build.0 = Debug|Any CPU
		{72B7A71B-C2E4-494C-9458-E541A8A79A63}.Release|Any CPU.ActiveCfg = Release|Any CPU
		{72B7A71B-C2E4-494C-9458-E541A8A79A63}.Release|Any CPU.Build.0 = Release|Any CPU
		{C0CDFF36-D906-495B-8FF6-E4EC9581446C}.Debug|Any CPU.ActiveCfg = Debug|Any CPU
		{C0CDFF36-D906-495B-8FF6-E4EC9581446C}.Debug|Any CPU.Build.0 = Debug|Any CPU
		{C0CDFF36-D906-495B-8FF6-E4EC9581446C}.Release|Any CPU.ActiveCfg = Release|Any CPU
		{C0CDFF36-D906-495B-8FF6-E4EC9581446C}.Release|Any CPU.Build.0 = Release|Any CPU
		{FAFF9D46-6826-4755-9554-846F1DB8E581}.Debug|Any CPU.ActiveCfg = Debug|Any CPU
		{FAFF9D46-6826-4755-9554-846F1DB8E581}.Debug|Any CPU.Build.0 = Debug|Any CPU
		{FAFF9D46-6826-4755-9554-846F1DB8E581}.Release|Any CPU.ActiveCfg = Release|Any CPU
		{FAFF9D46-6826-4755-9554-846F1DB8E581}.Release|Any CPU.Build.0 = Release|Any CPU
		{50129D0A-425E-4EF0-87BA-C7A6155970E7}.Debug|Any CPU.ActiveCfg = Debug|Any CPU
		{50129D0A-425E-4EF0-87BA-C7A6155970E7}.Debug|Any CPU.Build.0 = Debug|Any CPU
		{50129D0A-425E-4EF0-87BA-C7A6155970E7}.Release|Any CPU.ActiveCfg = Release|Any CPU
		{50129D0A-425E-4EF0-87BA-C7A6155970E7}.Release|Any CPU.Build.0 = Release|Any CPU
		{C4F6157D-0D8F-4128-AC0E-54742FEF3C14}.Debug|Any CPU.ActiveCfg = Debug|Any CPU
		{C4F6157D-0D8F-4128-AC0E-54742FEF3C14}.Debug|Any CPU.Build.0 = Debug|Any CPU
		{C4F6157D-0D8F-4128-AC0E-54742FEF3C14}.Release|Any CPU.ActiveCfg = Release|Any CPU
		{C4F6157D-0D8F-4128-AC0E-54742FEF3C14}.Release|Any CPU.Build.0 = Release|Any CPU
		{751FBAD6-AA5D-4027-A32B-6569D642C643}.Debug|Any CPU.ActiveCfg = Debug|Any CPU
		{751FBAD6-AA5D-4027-A32B-6569D642C643}.Debug|Any CPU.Build.0 = Debug|Any CPU
		{751FBAD6-AA5D-4027-A32B-6569D642C643}.Debug|Any CPU.Deploy.0 = Debug|Any CPU
		{751FBAD6-AA5D-4027-A32B-6569D642C643}.Release|Any CPU.ActiveCfg = Release|Any CPU
		{751FBAD6-AA5D-4027-A32B-6569D642C643}.Release|Any CPU.Build.0 = Release|Any CPU
		{751FBAD6-AA5D-4027-A32B-6569D642C643}.Release|Any CPU.Deploy.0 = Release|Any CPU
	EndGlobalSection
	GlobalSection(SolutionProperties) = preSolution
		HideSolutionNode = FALSE
	EndGlobalSection
	GlobalSection(ExtensibilityGlobals) = postSolution
		SolutionGuid = {46BB1A14-1E74-4551-A0D8-D029B389C4C5}
	EndGlobalSection
EndGlobal
